
Microsoft Visual Studio Solution File, Format Version 12.00
# Visual Studio 14
VisualStudioVersion = 14.0.25420.1
MinimumVisualStudioVersion = 10.0.40219.1
Project("{2150E333-8FDC-42A3-9474-1A3956D46DE8}") = "Workplace", "Workplace", "{DE96EEBD-CBF3-425B-9358-F213CFCEE9AD}"
EndProject
Project("{2150E333-8FDC-42A3-9474-1A3956D46DE8}") = "TradeSystem", "TradeSystem", "{6C7389B4-A844-4160-B492-653049956261}"
EndProject
Project("{FAE04EC0-301F-11D3-BF4B-00C04F79EFBC}") = "JXBC.WebCore", "JXBC.WebCore\JXBC.WebCore.csproj", "{B6C11390-DC4D-4ED7-806F-CA5F3AA48886}"
EndProject
Project("{FAE04EC0-301F-11D3-BF4B-00C04F79EFBC}") = "JXBC.WebAPI", "JXBC.WebAPI\JXBC.WebAPI.csproj", "{A1D8AE97-C9C6-4552-97B3-086C7BCCB8DB}"
EndProject
Project("{FAE04EC0-301F-11D3-BF4B-00C04F79EFBC}") = "JXBC.WebSite", "JXBC.WebSite\JXBC.WebSite.csproj", "{96E73BE4-EA2E-4B46-BF44-0A021E6E5CE9}"
EndProject
Project("{FAE04EC0-301F-11D3-BF4B-00C04F79EFBC}") = "JXBC.WebApi.Tests", "JXBC.WebApi.Tests\JXBC.WebApi.Tests.csproj", "{E990D48F-742F-486E-9DDD-E9342E36F6CF}"
EndProject
Project("{2150E333-8FDC-42A3-9474-1A3956D46DE8}") = "Passports", "Passports", "{0F466559-D866-4516-AFDB-2DD7004E1015}"
EndProject
Project("{FAE04EC0-301F-11D3-BF4B-00C04F79EFBC}") = "JXBC.Passports", "..\JXBC.Passports\JXBC.Passports\JXBC.Passports.csproj", "{B2959860-6A53-4B8E-900D-6BB2CBEE561D}"
EndProject
Project("{FAE04EC0-301F-11D3-BF4B-00C04F79EFBC}") = "JXBC.Passports.DataRepositories", "..\JXBC.Passports\JXBC.Passports.DataRepositories\JXBC.Passports.DataRepositories.csproj", "{8F8C8BE3-6F9B-41A2-9BEE-6FE32BD1B171}"
EndProject
Project("{FAE04EC0-301F-11D3-BF4B-00C04F79EFBC}") = "JXBC.Workplace", "..\JXBC.Workplace\JXBC.Workplace\JXBC.Workplace.csproj", "{672B54EC-DA09-4B30-9032-45DCC6FDBA95}"
EndProject
Project("{FAE04EC0-301F-11D3-BF4B-00C04F79EFBC}") = "JXBC.TradeSystem", "..\JXBC.TradeSystem\JXBC.TradeSystem\JXBC.TradeSystem.csproj", "{A3F7B65C-E3B1-491E-BFC8-321F4A49AAF2}"
EndProject
Project("{FAE04EC0-301F-11D3-BF4B-00C04F79EFBC}") = "JXBC.Workplace.DataRepositories", "..\JXBC.Workplace\JXBC.Workplace.DataRepositories\JXBC.Workplace.DataRepositories.csproj", "{9C9CF4DE-F670-430D-A034-D7ED4E157EE9}"
EndProject
Project("{FAE04EC0-301F-11D3-BF4B-00C04F79EFBC}") = "JXBC.TradeSystem.DataRepositories", "..\JXBC.TradeSystem\JXBC.TradeSystem.DataRepositories\JXBC.TradeSystem.DataRepositories.csproj", "{1FD4D51E-C4C4-407F-AC7D-F0A6EAA4A6C5}"
EndProject
Project("{2150E333-8FDC-42A3-9474-1A3956D46DE8}") = "Packages", "Packages", "{656E2638-3F2A-4516-A867-8AF1251766F6}"
EndProject
Project("{FAE04EC0-301F-11D3-BF4B-00C04F79EFBC}") = "JXBC.Packages", "..\JXBC.Packages\JXBC.Packages\JXBC.Packages.csproj", "{90ECECF0-4A87-4A50-9584-7A0123935F45}"
EndProject
Global
	GlobalSection(SolutionConfigurationPlatforms) = preSolution
		Debug|Any CPU = Debug|Any CPU
		Release|Any CPU = Release|Any CPU
	EndGlobalSection
	GlobalSection(ProjectConfigurationPlatforms) = postSolution
		{B6C11390-DC4D-4ED7-806F-CA5F3AA48886}.Debug|Any CPU.ActiveCfg = Debug|Any CPU
		{B6C11390-DC4D-4ED7-806F-CA5F3AA48886}.Debug|Any CPU.Build.0 = Debug|Any CPU
		{B6C11390-DC4D-4ED7-806F-CA5F3AA48886}.Release|Any CPU.ActiveCfg = Release|Any CPU
		{B6C11390-DC4D-4ED7-806F-CA5F3AA48886}.Release|Any CPU.Build.0 = Release|Any CPU
		{A1D8AE97-C9C6-4552-97B3-086C7BCCB8DB}.Debug|Any CPU.ActiveCfg = Debug|Any CPU
		{A1D8AE97-C9C6-4552-97B3-086C7BCCB8DB}.Debug|Any CPU.Build.0 = Debug|Any CPU
		{A1D8AE97-C9C6-4552-97B3-086C7BCCB8DB}.Release|Any CPU.ActiveCfg = Release|Any CPU
		{A1D8AE97-C9C6-4552-97B3-086C7BCCB8DB}.Release|Any CPU.Build.0 = Release|Any CPU
		{96E73BE4-EA2E-4B46-BF44-0A021E6E5CE9}.Debug|Any CPU.ActiveCfg = Debug|Any CPU
		{96E73BE4-EA2E-4B46-BF44-0A021E6E5CE9}.Debug|Any CPU.Build.0 = Debug|Any CPU
		{96E73BE4-EA2E-4B46-BF44-0A021E6E5CE9}.Release|Any CPU.ActiveCfg = Release|Any CPU
		{96E73BE4-EA2E-4B46-BF44-0A021E6E5CE9}.Release|Any CPU.Build.0 = Release|Any CPU
		{E990D48F-742F-486E-9DDD-E9342E36F6CF}.Debug|Any CPU.ActiveCfg = Debug|Any CPU
		{E990D48F-742F-486E-9DDD-E9342E36F6CF}.Debug|Any CPU.Build.0 = Debug|Any CPU
		{E990D48F-742F-486E-9DDD-E9342E36F6CF}.Release|Any CPU.ActiveCfg = Release|Any CPU
		{E990D48F-742F-486E-9DDD-E9342E36F6CF}.Release|Any CPU.Build.0 = Release|Any CPU
		{B2959860-6A53-4B8E-900D-6BB2CBEE561D}.Debug|Any CPU.ActiveCfg = Debug|Any CPU
		{B2959860-6A53-4B8E-900D-6BB2CBEE561D}.Debug|Any CPU.Build.0 = Debug|Any CPU
		{B2959860-6A53-4B8E-900D-6BB2CBEE561D}.Release|Any CPU.ActiveCfg = Release|Any CPU
		{B2959860-6A53-4B8E-900D-6BB2CBEE561D}.Release|Any CPU.Build.0 = Release|Any CPU
		{8F8C8BE3-6F9B-41A2-9BEE-6FE32BD1B171}.Debug|Any CPU.ActiveCfg = Debug|Any CPU
		{8F8C8BE3-6F9B-41A2-9BEE-6FE32BD1B171}.Debug|Any CPU.Build.0 = Debug|Any CPU
		{8F8C8BE3-6F9B-41A2-9BEE-6FE32BD1B171}.Release|Any CPU.ActiveCfg = Release|Any CPU
		{8F8C8BE3-6F9B-41A2-9BEE-6FE32BD1B171}.Release|Any CPU.Build.0 = Release|Any CPU
		{672B54EC-DA09-4B30-9032-45DCC6FDBA95}.Debug|Any CPU.ActiveCfg = Debug|Any CPU
		{672B54EC-DA09-4B30-9032-45DCC6FDBA95}.Debug|Any CPU.Build.0 = Debug|Any CPU
		{672B54EC-DA09-4B30-9032-45DCC6FDBA95}.Release|Any CPU.ActiveCfg = Release|Any CPU
		{672B54EC-DA09-4B30-9032-45DCC6FDBA95}.Release|Any CPU.Build.0 = Release|Any CPU
		{A3F7B65C-E3B1-491E-BFC8-321F4A49AAF2}.Debug|Any CPU.ActiveCfg = Debug|Any CPU
		{A3F7B65C-E3B1-491E-BFC8-321F4A49AAF2}.Debug|Any CPU.Build.0 = Debug|Any CPU
		{A3F7B65C-E3B1-491E-BFC8-321F4A49AAF2}.Release|Any CPU.ActiveCfg = Release|Any CPU
		{A3F7B65C-E3B1-491E-BFC8-321F4A49AAF2}.Release|Any CPU.Build.0 = Release|Any CPU
		{9C9CF4DE-F670-430D-A034-D7ED4E157EE9}.Debug|Any CPU.ActiveCfg = Debug|Any CPU
		{9C9CF4DE-F670-430D-A034-D7ED4E157EE9}.Debug|Any CPU.Build.0 = Debug|Any CPU
		{9C9CF4DE-F670-430D-A034-D7ED4E157EE9}.Release|Any CPU.ActiveCfg = Release|Any CPU
		{9C9CF4DE-F670-430D-A034-D7ED4E157EE9}.Release|Any CPU.Build.0 = Release|Any CPU
		{1FD4D51E-C4C4-407F-AC7D-F0A6EAA4A6C5}.Debug|Any CPU.ActiveCfg = Debug|Any CPU
		{1FD4D51E-C4C4-407F-AC7D-F0A6EAA4A6C5}.Debug|Any CPU.Build.0 = Debug|Any CPU
		{1FD4D51E-C4C4-407F-AC7D-F0A6EAA4A6C5}.Release|Any CPU.ActiveCfg = Release|Any CPU
		{1FD4D51E-C4C4-407F-AC7D-F0A6EAA4A6C5}.Release|Any CPU.Build.0 = Release|Any CPU
		{90ECECF0-4A87-4A50-9584-7A0123935F45}.Debug|Any CPU.ActiveCfg = Debug|Any CPU
		{90ECECF0-4A87-4A50-9584-7A0123935F45}.Debug|Any CPU.Build.0 = Debug|Any CPU
		{90ECECF0-4A87-4A50-9584-7A0123935F45}.Release|Any CPU.ActiveCfg = Release|Any CPU
		{90ECECF0-4A87-4A50-9584-7A0123935F45}.Release|Any CPU.Build.0 = Release|Any CPU
	EndGlobalSection
	GlobalSection(SolutionProperties) = preSolution
		HideSolutionNode = FALSE
	EndGlobalSection
	GlobalSection(NestedProjects) = preSolution
		{B2959860-6A53-4B8E-900D-6BB2CBEE561D} = {0F466559-D866-4516-AFDB-2DD7004E1015}
		{8F8C8BE3-6F9B-41A2-9BEE-6FE32BD1B171} = {0F466559-D866-4516-AFDB-2DD7004E1015}
		{672B54EC-DA09-4B30-9032-45DCC6FDBA95} = {DE96EEBD-CBF3-425B-9358-F213CFCEE9AD}
		{A3F7B65C-E3B1-491E-BFC8-321F4A49AAF2} = {6C7389B4-A844-4160-B492-653049956261}
		{9C9CF4DE-F670-430D-A034-D7ED4E157EE9} = {DE96EEBD-CBF3-425B-9358-F213CFCEE9AD}
		{1FD4D51E-C4C4-407F-AC7D-F0A6EAA4A6C5} = {6C7389B4-A844-4160-B492-653049956261}
		{90ECECF0-4A87-4A50-9584-7A0123935F45} = {656E2638-3F2A-4516-A867-8AF1251766F6}
	EndGlobalSection
EndGlobal
