
Microsoft Visual Studio Solution File, Format Version 12.00
# Visual Studio 14
VisualStudioVersion = 14.0.23107.0
MinimumVisualStudioVersion = 10.0.40219.1
Project("{FAE04EC0-301F-11D3-BF4B-00C04F79EFBC}") = "JXBC.TradeSystem", "JXBC.TradeSystem\JXBC.TradeSystem.csproj", "{A3F7B65C-E3B1-491E-BFC8-321F4A49AAF2}"
EndProject
Project("{FAE04EC0-301F-11D3-BF4B-00C04F79EFBC}") = "JXBC.TradeSystem.DataRepositories", "JXBC.TradeSystem.DataRepositories\JXBC.TradeSystem.DataRepositories.csproj", "{1FD4D51E-C4C4-407F-AC7D-F0A6EAA4A6C5}"
EndProject
Project("{FAE04EC0-301F-11D3-BF4B-00C04F79EFBC}") = "JXBC.TradeSystem.Tests", "JXBC.TradeSystem.Tests\JXBC.TradeSystem.Tests.csproj", "{8ABE7C42-4B09-447B-872E-419D67AA4923}"
EndProject
Global
	GlobalSection(SolutionConfigurationPlatforms) = preSolution
		Debug|Any CPU = Debug|Any CPU
		Release|Any CPU = Release|Any CPU
	EndGlobalSection
	GlobalSection(ProjectConfigurationPlatforms) = postSolution
		{A3F7B65C-E3B1-491E-BFC8-321F4A49AAF2}.Debug|Any CPU.ActiveCfg = Debug|Any CPU
		{A3F7B65C-E3B1-491E-BFC8-321F4A49AAF2}.Debug|Any CPU.Build.0 = Debug|Any CPU
		{A3F7B65C-E3B1-491E-BFC8-321F4A49AAF2}.Release|Any CPU.ActiveCfg = Release|Any CPU
		{A3F7B65C-E3B1-491E-BFC8-321F4A49AAF2}.Release|Any CPU.Build.0 = Release|Any CPU
		{1FD4D51E-C4C4-407F-AC7D-F0A6EAA4A6C5}.Debug|Any CPU.ActiveCfg = Debug|Any CPU
		{1FD4D51E-C4C4-407F-AC7D-F0A6EAA4A6C5}.Debug|Any CPU.Build.0 = Debug|Any CPU
		{1FD4D51E-C4C4-407F-AC7D-F0A6EAA4A6C5}.Release|Any CPU.ActiveCfg = Release|Any CPU
		{1FD4D51E-C4C4-407F-AC7D-F0A6EAA4A6C5}.Release|Any CPU.Build.0 = Release|Any CPU
		{8ABE7C42-4B09-447B-872E-419D67AA4923}.Debug|Any CPU.ActiveCfg = Debug|Any CPU
		{8ABE7C42-4B09-447B-872E-419D67AA4923}.Debug|Any CPU.Build.0 = Debug|Any CPU
		{8ABE7C42-4B09-447B-872E-419D67AA4923}.Release|Any CPU.ActiveCfg = Release|Any CPU
		{8ABE7C42-4B09-447B-872E-419D67AA4923}.Release|Any CPU.Build.0 = Release|Any CPU
	EndGlobalSection
	GlobalSection(SolutionProperties) = preSolution
		HideSolutionNode = FALSE
	EndGlobalSection
EndGlobal
